
Microsoft Visual Studio Solution File, Format Version 12.00
# Visual Studio Version 16
VisualStudioVersion = 16.0.31829.152
MinimumVisualStudioVersion = 10.0.40219.1
Project("{FAE04EC0-301F-11D3-BF4B-00C04F79EFBC}") = "ClientApp", "ClientApp.csproj", "{43751026-FDDE-4F79-B921-C3FCBB18C924}"
EndProject
Global
	GlobalSection(SolutionConfigurationPlatforms) = preSolution
		Debug|Any CPU = Debug|Any CPU
		Release|Any CPU = Release|Any CPU
	EndGlobalSection
	GlobalSection(ProjectConfigurationPlatforms) = postSolution
		{43751026-FDDE-4F79-B921-C3FCBB18C924}.Debug|Any CPU.ActiveCfg = Debug|Any CPU
		{43751026-FDDE-4F79-B921-C3FCBB18C924}.Debug|Any CPU.Build.0 = Debug|Any CPU
		{43751026-FDDE-4F79-B921-C3FCBB18C924}.Release|Any CPU.ActiveCfg = Release|Any CPU
		{43751026-FDDE-4F79-B921-C3FCBB18C924}.Release|Any CPU.Build.0 = Release|Any CPU
	EndGlobalSection
	GlobalSection(SolutionProperties) = preSolution
		HideSolutionNode = FALSE
	EndGlobalSection
	GlobalSection(ExtensibilityGlobals) = postSolution
		SolutionGuid = {0F5F886F-678A-4810-AE4E-DBC9222E9EC7}
	EndGlobalSection
EndGlobal
